{
  "name": "nodeLesson",
  "version": "1.0.0",
  "lockfileVersion": 1,
  "requires": true,
  "dependencies": {
    "lion-lib-xx57": {
      "version": "1.2.0",
      "resolved": "https://registry.npmjs.org/lion-lib-xx57/-/lion-lib-xx57-1.2.0.tgz",
      "integrity": "sha512-7qg0uno9Yy3eEW1zmZYIg3KxMr2QPkKQKXheXxHsDRJisomlCLQs8sZU+COYGwgxF0VdtUWaqZif+0/p27o9zA=="
    }
  }
}
